// !$*UTF8*$!
{
	archiveVersion = 1;
	classes = {
	};
	objectVersion = 46;
	objects = {

/* Begin PBXBuildFile section */
		3F1F83B816E8AB900004E1DC /* HttpConnectionManager.m in Sources */ = {isa = PBXBuildFile; fileRef = 3F1F83B716E8AB900004E1DC /* HttpConnectionManager.m */; };
		930ACE49145A9116006F6814 /* configure.plist in Resources */ = {isa = PBXBuildFile; fileRef = 930ACE48145A9116006F6814 /* configure.plist */; };
		930ACE52145AA5CE006F6814 /* PowerMenuItemView.m in Sources */ = {isa = PBXBuildFile; fileRef = 930ACE50145AA5CE006F6814 /* PowerMenuItemView.m */; };
		93495F0F1457930100C406FA /* Cocoa.framework in Frameworks */ = {isa = PBXBuildFile; fileRef = 93495F0E1457930100C406FA /* Cocoa.framework */; };
		93495F191457930100C406FA /* InfoPlist.strings in Resources */ = {isa = PBXBuildFile; fileRef = 93495F171457930100C406FA /* InfoPlist.strings */; };
		93495F1B1457930100C406FA /* main.m in Sources */ = {isa = PBXBuildFile; fileRef = 93495F1A1457930100C406FA /* main.m */; };
		93495F1F1457930100C406FA /* Credits.rtf in Resources */ = {isa = PBXBuildFile; fileRef = 93495F1D1457930100C406FA /* Credits.rtf */; };
		93495F221457930100C406FA /* PaperHouseLiteAppDelegate.m in Sources */ = {isa = PBXBuildFile; fileRef = 93495F211457930100C406FA /* PaperHouseLiteAppDelegate.m */; };
		93495F251457930100C406FA /* MainMenu.xib in Resources */ = {isa = PBXBuildFile; fileRef = 93495F231457930100C406FA /* MainMenu.xib */; };
		934F60AF1472053800AEF9D0 /* NSObject+SBJSON.m in Sources */ = {isa = PBXBuildFile; fileRef = 934F60A41472053800AEF9D0 /* NSObject+SBJSON.m */; };
		934F60B01472053800AEF9D0 /* NSString+SBJSON.m in Sources */ = {isa = PBXBuildFile; fileRef = 934F60A61472053800AEF9D0 /* NSString+SBJSON.m */; };
		934F60B11472053800AEF9D0 /* SBJSON.m in Sources */ = {isa = PBXBuildFile; fileRef = 934F60A81472053800AEF9D0 /* SBJSON.m */; };
		934F60B21472053800AEF9D0 /* SBJsonBase.m in Sources */ = {isa = PBXBuildFile; fileRef = 934F60AA1472053800AEF9D0 /* SBJsonBase.m */; };
		934F60B31472053800AEF9D0 /* SBJsonParser.m in Sources */ = {isa = PBXBuildFile; fileRef = 934F60AC1472053800AEF9D0 /* SBJsonParser.m */; };
		934F60B41472053800AEF9D0 /* SBJsonWriter.m in Sources */ = {isa = PBXBuildFile; fileRef = 934F60AE1472053800AEF9D0 /* SBJsonWriter.m */; };
		934F60BA147266C700AEF9D0 /* douban.png in Resources */ = {isa = PBXBuildFile; fileRef = 934F60B5147266C700AEF9D0 /* douban.png */; };
		934F60BB147266C700AEF9D0 /* kaixin.png in Resources */ = {isa = PBXBuildFile; fileRef = 934F60B6147266C700AEF9D0 /* kaixin.png */; };
		934F60BC147266C700AEF9D0 /* renren.png in Resources */ = {isa = PBXBuildFile; fileRef = 934F60B7147266C700AEF9D0 /* renren.png */; };
		934F60BD147266C700AEF9D0 /* sina.png in Resources */ = {isa = PBXBuildFile; fileRef = 934F60B8147266C700AEF9D0 /* sina.png */; };
		934F60BE147266C700AEF9D0 /* tengxu.png in Resources */ = {isa = PBXBuildFile; fileRef = 934F60B9147266C700AEF9D0 /* tengxu.png */; };
		9351DE17147A2B850053C590 /* background.jpg in Resources */ = {isa = PBXBuildFile; fileRef = 9351DE16147A2B850053C590 /* background.jpg */; };
		9351DE19147A2BEF0053C590 /* browserbg.jpg in Resources */ = {isa = PBXBuildFile; fileRef = 9351DE18147A2BEE0053C590 /* browserbg.jpg */; };
		937F48151467C03700EC1D30 /* temp.jpg in Resources */ = {isa = PBXBuildFile; fileRef = 937F48141467C03700EC1D30 /* temp.jpg */; };
		9381724F14760E7B005D8226 /* PHImageGallery.m in Sources */ = {isa = PBXBuildFile; fileRef = 9381724E14760E7B005D8226 /* PHImageGallery.m */; };
		9381725214760EE7005D8226 /* PHImageGallery.xib in Resources */ = {isa = PBXBuildFile; fileRef = 9381725414760EE7005D8226 /* PHImageGallery.xib */; };
		93840DDE1468C621005F236C /* Sparkle.framework in Frameworks */ = {isa = PBXBuildFile; fileRef = 93840DDD1468C621005F236C /* Sparkle.framework */; };
		93840DE01468C6C2005F236C /* Sparkle.framework in Copy Files */ = {isa = PBXBuildFile; fileRef = 93840DDD1468C621005F236C /* Sparkle.framework */; };
		93840DE51468D64C005F236C /* dsa_pub.pem in Resources */ = {isa = PBXBuildFile; fileRef = 93840DE41468D64C005F236C /* dsa_pub.pem */; };
		93840E1114692C05005F236C /* Growl.framework in Copy Files */ = {isa = PBXBuildFile; fileRef = 93840E1014692C05005F236C /* Growl.framework */; };
		93840E1214692C5A005F236C /* Growl.framework in Frameworks */ = {isa = PBXBuildFile; fileRef = 93840E1014692C05005F236C /* Growl.framework */; };
		938DEF38145F8BF200F40DAE /* PHDocmentImage.m in Sources */ = {isa = PBXBuildFile; fileRef = 938DEF37145F8BF200F40DAE /* PHDocmentImage.m */; };
		938DEF3B145F94A300F40DAE /* RegexKitLite.m in Sources */ = {isa = PBXBuildFile; fileRef = 938DEF3A145F94A300F40DAE /* RegexKitLite.m */; };
		938DEF3D145F95E800F40DAE /* libicucore.dylib in Frameworks */ = {isa = PBXBuildFile; fileRef = 938DEF3C145F95E700F40DAE /* libicucore.dylib */; };
		939ACF4B1484C3AF001EE873 /* MBCoverFlowScroller.m in Sources */ = {isa = PBXBuildFile; fileRef = 939ACF441484C3AF001EE873 /* MBCoverFlowScroller.m */; };
		939ACF4C1484C3AF001EE873 /* MBCoverFlowView.m in Sources */ = {isa = PBXBuildFile; fileRef = 939ACF461484C3AF001EE873 /* MBCoverFlowView.m */; };
		939ACF4E1484C3AF001EE873 /* NSImage+MBCoverFlowAdditions.m in Sources */ = {isa = PBXBuildFile; fileRef = 939ACF4A1484C3AF001EE873 /* NSImage+MBCoverFlowAdditions.m */; };
		939DDA86145E50C7001DCE48 /* PHConfig.m in Sources */ = {isa = PBXBuildFile; fileRef = 939DDA85145E50C7001DCE48 /* PHConfig.m */; };
		939DDA89145E6AD6001DCE48 /* PHTool.m in Sources */ = {isa = PBXBuildFile; fileRef = 939DDA88145E6AD6001DCE48 /* PHTool.m */; };
		93A2B4B21486588B00206C27 /* menubgsmall_en.png in Resources */ = {isa = PBXBuildFile; fileRef = 93A2B4B11486588B00206C27 /* menubgsmall_en.png */; };
		93A2B4B4148658B500206C27 /* menubgsmall_zh.png in Resources */ = {isa = PBXBuildFile; fileRef = 93A2B4B3148658B500206C27 /* menubgsmall_zh.png */; };
		93ACC66F147B457B00AD03E8 /* ImageBrowserBackgroundLayer.m in Sources */ = {isa = PBXBuildFile; fileRef = 93ACC66A147B457B00AD03E8 /* ImageBrowserBackgroundLayer.m */; };
		93ACC670147B457B00AD03E8 /* ImageBrowserCell.m in Sources */ = {isa = PBXBuildFile; fileRef = 93ACC66C147B457B00AD03E8 /* ImageBrowserCell.m */; };
		93ACC671147B457B00AD03E8 /* ImageBrowserView.m in Sources */ = {isa = PBXBuildFile; fileRef = 93ACC66E147B457B00AD03E8 /* ImageBrowserView.m */; };
		93ACC674147B45FA00AD03E8 /* Utilities.m in Sources */ = {isa = PBXBuildFile; fileRef = 93ACC673147B45FA00AD03E8 /* Utilities.m */; };
		93ACC678147B462400AD03E8 /* glossy.png in Resources */ = {isa = PBXBuildFile; fileRef = 93ACC675147B462400AD03E8 /* glossy.png */; };
		93ACC679147B462400AD03E8 /* metal_background.tif in Resources */ = {isa = PBXBuildFile; fileRef = 93ACC676147B462400AD03E8 /* metal_background.tif */; };
		93ACC67A147B462400AD03E8 /* pin.tiff in Resources */ = {isa = PBXBuildFile; fileRef = 93ACC677147B462400AD03E8 /* pin.tiff */; };
		93B053AB14610A1F0033AC26 /* zhifangzi-ico.icns in Resources */ = {isa = PBXBuildFile; fileRef = 93B053AA14610A1F0033AC26 /* zhifangzi-ico.icns */; };
		93BD552C146BC3810094A429 /* PowerMenuItemView.xib in Resources */ = {isa = PBXBuildFile; fileRef = 93BD552E146BC3810094A429 /* PowerMenuItemView.xib */; };
		93BD553C146BCDA20094A429 /* Localizable.strings in Resources */ = {isa = PBXBuildFile; fileRef = 93BD553E146BCDA20094A429 /* Localizable.strings */; };
		93D661D21457948600FDA4A8 /* home.png in Resources */ = {isa = PBXBuildFile; fileRef = 93D661D11457948600FDA4A8 /* home.png */; };
		93D8F19E1473557E0082E17B /* toolbarbg.png in Resources */ = {isa = PBXBuildFile; fileRef = 93D8F19D1473557E0082E17B /* toolbarbg.png */; };
		93D8F1A1147359E90082E17B /* PHImageView.m in Sources */ = {isa = PBXBuildFile; fileRef = 93D8F1A0147359E90082E17B /* PHImageView.m */; };
		93E81EBE1474D7510002D87E /* net163.png in Resources */ = {isa = PBXBuildFile; fileRef = 93E81EBD1474D7510002D87E /* net163.png */; };
		93F709CC1479E57B002E8A26 /* Quartz.framework in Frameworks */ = {isa = PBXBuildFile; fileRef = 93F709CB1479E57B002E8A26 /* Quartz.framework */; };
		93F709D4147A136E002E8A26 /* PHImageBrowserViewItem.m in Sources */ = {isa = PBXBuildFile; fileRef = 93F709D3147A136E002E8A26 /* PHImageBrowserViewItem.m */; };
		E902E93A18B4562C003C5E6C /* ASIDataCompressor.m in Sources */ = {isa = PBXBuildFile; fileRef = E902E90618B4562C003C5E6C /* ASIDataCompressor.m */; };
		E902E93B18B4562C003C5E6C /* ASIDataDecompressor.m in Sources */ = {isa = PBXBuildFile; fileRef = E902E90818B4562C003C5E6C /* ASIDataDecompressor.m */; };
		E902E93C18B4562C003C5E6C /* ASIDownloadCache.m in Sources */ = {isa = PBXBuildFile; fileRef = E902E90A18B4562C003C5E6C /* ASIDownloadCache.m */; };
		E902E93D18B4562C003C5E6C /* ASIFormDataRequest.m in Sources */ = {isa = PBXBuildFile; fileRef = E902E90C18B4562C003C5E6C /* ASIFormDataRequest.m */; };
		E902E93E18B4562C003C5E6C /* ASIHTTPRequest.m in Sources */ = {isa = PBXBuildFile; fileRef = E902E90E18B4562C003C5E6C /* ASIHTTPRequest.m */; };
		E902E93F18B4562C003C5E6C /* ASIInputStream.m in Sources */ = {isa = PBXBuildFile; fileRef = E902E91218B4562C003C5E6C /* ASIInputStream.m */; };
		E902E94018B4562C003C5E6C /* ASINetworkQueue.m in Sources */ = {isa = PBXBuildFile; fileRef = E902E91418B4562C003C5E6C /* ASINetworkQueue.m */; };
		E902E94118B4562C003C5E6C /* ASIWebPageRequest.m in Sources */ = {isa = PBXBuildFile; fileRef = E902E91818B4562C003C5E6C /* ASIWebPageRequest.m */; };
		E902E94218B4562C003C5E6C /* ASICloudFilesCDNRequest.m in Sources */ = {isa = PBXBuildFile; fileRef = E902E91B18B4562C003C5E6C /* ASICloudFilesCDNRequest.m */; };
		E902E94318B4562C003C5E6C /* ASICloudFilesContainer.m in Sources */ = {isa = PBXBuildFile; fileRef = E902E91D18B4562C003C5E6C /* ASICloudFilesContainer.m */; };
		E902E94418B4562C003C5E6C /* ASICloudFilesContainerRequest.m in Sources */ = {isa = PBXBuildFile; fileRef = E902E91F18B4562C003C5E6C /* ASICloudFilesContainerRequest.m */; };
		E902E94518B4562C003C5E6C /* ASICloudFilesContainerXMLParserDelegate.m in Sources */ = {isa = PBXBuildFile; fileRef = E902E92118B4562C003C5E6C /* ASICloudFilesContainerXMLParserDelegate.m */; };
		E902E94618B4562C003C5E6C /* ASICloudFilesObject.m in Sources */ = {isa = PBXBuildFile; fileRef = E902E92318B4562C003C5E6C /* ASICloudFilesObject.m */; };
		E902E94718B4562C003C5E6C /* ASICloudFilesObjectRequest.m in Sources */ = {isa = PBXBuildFile; fileRef = E902E92518B4562C003C5E6C /* ASICloudFilesObjectRequest.m */; };
		E902E94818B4562C003C5E6C /* ASICloudFilesRequest.m in Sources */ = {isa = PBXBuildFile; fileRef = E902E92718B4562C003C5E6C /* ASICloudFilesRequest.m */; };
		E902E94A18B4562C003C5E6C /* ASIS3Bucket.m in Sources */ = {isa = PBXBuildFile; fileRef = E902E92E18B4562C003C5E6C /* ASIS3Bucket.m */; };
		E902E94B18B4562C003C5E6C /* ASIS3BucketObject.m in Sources */ = {isa = PBXBuildFile; fileRef = E902E93018B4562C003C5E6C /* ASIS3BucketObject.m */; };
		E902E94C18B4562C003C5E6C /* ASIS3BucketRequest.m in Sources */ = {isa = PBXBuildFile; fileRef = E902E93218B4562C003C5E6C /* ASIS3BucketRequest.m */; };
		E902E94D18B4562C003C5E6C /* ASIS3ObjectRequest.m in Sources */ = {isa = PBXBuildFile; fileRef = E902E93418B4562C003C5E6C /* ASIS3ObjectRequest.m */; };
		E902E94E18B4562C003C5E6C /* ASIS3Request.m in Sources */ = {isa = PBXBuildFile; fileRef = E902E93618B4562C003C5E6C /* ASIS3Request.m */; };
		E902E94F18B4562C003C5E6C /* ASIS3ServiceRequest.m in Sources */ = {isa = PBXBuildFile; fileRef = E902E93818B4562C003C5E6C /* ASIS3ServiceRequest.m */; };
		E902E95418B473C2003C5E6C /* SystemConfiguration.framework in Frameworks */ = {isa = PBXBuildFile; fileRef = E902E95318B473C2003C5E6C /* SystemConfiguration.framework */; };
		E902E95C18B473FB003C5E6C /* libz.dylib in Frameworks */ = {isa = PBXBuildFile; fileRef = E902E95B18B473FB003C5E6C /* libz.dylib */; };
		E902E95D18B474CB003C5E6C /* libxml2.dylib in Frameworks */ = {isa = PBXBuildFile; fileRef = E902E95018B46865003C5E6C /* libxml2.dylib */; };
		E902E95F18B474D5003C5E6C /* WebKit.framework in Frameworks */ = {isa = PBXBuildFile; fileRef = E902E95E18B474D5003C5E6C /* WebKit.framework */; };
		E902E96118B474F2003C5E6C /* Security.framework in Frameworks */ = {isa = PBXBuildFile; fileRef = E902E96018B474F2003C5E6C /* Security.framework */; };
		E902E96318B47899003C5E6C /* libtidy.dylib in Frameworks */ = {isa = PBXBuildFile; fileRef = E902E96218B47899003C5E6C /* libtidy.dylib */; };
		E97864AB18B5F864006FB1BE /* arrows-left.png in Resources */ = {isa = PBXBuildFile; fileRef = E97864A918B5F864006FB1BE /* arrows-left.png */; };
		E97864AC18B5F864006FB1BE /* arrows-right.png in Resources */ = {isa = PBXBuildFile; fileRef = E97864AA18B5F864006FB1BE /* arrows-right.png */; };
		E97864AE18B5FDE9006FB1BE /* highlight.png in Resources */ = {isa = PBXBuildFile; fileRef = E97864AD18B5FDE9006FB1BE /* highlight.png */; };
/* End PBXBuildFile section */

/* Begin PBXCopyFilesBuildPhase section */
		93840DDF1468C67F005F236C /* Copy Files */ = {
			isa = PBXCopyFilesBuildPhase;
			buildActionMask = 2147483647;
			dstPath = "";
			dstSubfolderSpec = 10;
			files = (
				93840E1114692C05005F236C /* Growl.framework in Copy Files */,
				93840DE01468C6C2005F236C /* Sparkle.framework in Copy Files */,
			);
			name = "Copy Files";
			runOnlyForDeploymentPostprocessing = 0;
		};
/* End PBXCopyFilesBuildPhase section */

/* Begin PBXFileReference section */
		3F1F83B616E8AB900004E1DC /* HttpConnectionManager.h */ = {isa = PBXFileReference; fileEncoding = 4; lastKnownFileType = sourcecode.c.h; path = HttpConnectionManager.h; sourceTree = "<group>"; };
		3F1F83B716E8AB900004E1DC /* HttpConnectionManager.m */ = {isa = PBXFileReference; fileEncoding = 4; lastKnownFileType = sourcecode.c.objc; path = HttpConnectionManager.m; sourceTree = "<group>"; };
		930ACE48145A9116006F6814 /* configure.plist */ = {isa = PBXFileReference; fileEncoding = 4; lastKnownFileType = text.plist.xml; path = configure.plist; sourceTree = "<group>"; };
		930ACE4F145AA5CD006F6814 /* PowerMenuItemView.h */ = {isa = PBXFileReference; fileEncoding = 4; lastKnownFileType = sourcecode.c.h; path = PowerMenuItemView.h; sourceTree = "<group>"; };
		930ACE50145AA5CE006F6814 /* PowerMenuItemView.m */ = {isa = PBXFileReference; fileEncoding = 4; lastKnownFileType = sourcecode.c.objc; path = PowerMenuItemView.m; sourceTree = "<group>"; };
		93495F0A1457930100C406FA /* PaperHouseLite.app */ = {isa = PBXFileReference; explicitFileType = wrapper.application; includeInIndex = 0; path = PaperHouseLite.app; sourceTree = BUILT_PRODUCTS_DIR; };
		93495F0E1457930100C406FA /* Cocoa.framework */ = {isa = PBXFileReference; lastKnownFileType = wrapper.framework; name = Cocoa.framework; path = System/Library/Frameworks/Cocoa.framework; sourceTree = SDKROOT; };
		93495F111457930100C406FA /* AppKit.framework */ = {isa = PBXFileReference; lastKnownFileType = wrapper.framework; name = AppKit.framework; path = System/Library/Frameworks/AppKit.framework; sourceTree = SDKROOT; };
		93495F121457930100C406FA /* CoreData.framework */ = {isa = PBXFileReference; lastKnownFileType = wrapper.framework; name = CoreData.framework; path = System/Library/Frameworks/CoreData.framework; sourceTree = SDKROOT; };
		93495F131457930100C406FA /* Foundation.framework */ = {isa = PBXFileReference; lastKnownFileType = wrapper.framework; name = Foundation.framework; path = System/Library/Frameworks/Foundation.framework; sourceTree = SDKROOT; };
		93495F161457930100C406FA /* PaperHouseLite-Info.plist */ = {isa = PBXFileReference; lastKnownFileType = text.plist.xml; path = "PaperHouseLite-Info.plist"; sourceTree = "<group>"; };
		93495F181457930100C406FA /* en */ = {isa = PBXFileReference; lastKnownFileType = text.plist.strings; name = en; path = en.lproj/InfoPlist.strings; sourceTree = "<group>"; };
		93495F1A1457930100C406FA /* main.m */ = {isa = PBXFileReference; lastKnownFileType = sourcecode.c.objc; path = main.m; sourceTree = "<group>"; };
		93495F1C1457930100C406FA /* PaperHouseLite-Prefix.pch */ = {isa = PBXFileReference; lastKnownFileType = sourcecode.c.h; path = "PaperHouseLite-Prefix.pch"; sourceTree = "<group>"; };
		93495F1E1457930100C406FA /* en */ = {isa = PBXFileReference; lastKnownFileType = text.rtf; name = en; path = en.lproj/Credits.rtf; sourceTree = "<group>"; };
		93495F201457930100C406FA /* PaperHouseLiteAppDelegate.h */ = {isa = PBXFileReference; lastKnownFileType = sourcecode.c.h; path = PaperHouseLiteAppDelegate.h; sourceTree = "<group>"; };
		93495F211457930100C406FA /* PaperHouseLiteAppDelegate.m */ = {isa = PBXFileReference; lastKnownFileType = sourcecode.c.objc; path = PaperHouseLiteAppDelegate.m; sourceTree = "<group>"; };
		93495F241457930100C406FA /* en */ = {isa = PBXFileReference; lastKnownFileType = file.xib; name = en; path = en.lproj/MainMenu.xib; sourceTree = "<group>"; };
		934F60A21472053800AEF9D0 /* JSON.h */ = {isa = PBXFileReference; fileEncoding = 4; lastKnownFileType = sourcecode.c.h; path = JSON.h; sourceTree = "<group>"; };
		934F60A31472053800AEF9D0 /* NSObject+SBJSON.h */ = {isa = PBXFileReference; fileEncoding = 4; lastKnownFileType = sourcecode.c.h; path = "NSObject+SBJSON.h"; sourceTree = "<group>"; };
		934F60A41472053800AEF9D0 /* NSObject+SBJSON.m */ = {isa = PBXFileReference; fileEncoding = 4; lastKnownFileType = sourcecode.c.objc; path = "NSObject+SBJSON.m"; sourceTree = "<group>"; };
		934F60A51472053800AEF9D0 /* NSString+SBJSON.h */ = {isa = PBXFileReference; fileEncoding = 4; lastKnownFileType = sourcecode.c.h; path = "NSString+SBJSON.h"; sourceTree = "<group>"; };
		934F60A61472053800AEF9D0 /* NSString+SBJSON.m */ = {isa = PBXFileReference; fileEncoding = 4; lastKnownFileType = sourcecode.c.objc; path = "NSString+SBJSON.m"; sourceTree = "<group>"; };
		934F60A71472053800AEF9D0 /* SBJSON.h */ = {isa = PBXFileReference; fileEncoding = 4; lastKnownFileType = sourcecode.c.h; path = SBJSON.h; sourceTree = "<group>"; };
		934F60A81472053800AEF9D0 /* SBJSON.m */ = {isa = PBXFileReference; fileEncoding = 4; lastKnownFileType = sourcecode.c.objc; path = SBJSON.m; sourceTree = "<group>"; };
		934F60A91472053800AEF9D0 /* SBJsonBase.h */ = {isa = PBXFileReference; fileEncoding = 4; lastKnownFileType = sourcecode.c.h; path = SBJsonBase.h; sourceTree = "<group>"; };
		934F60AA1472053800AEF9D0 /* SBJsonBase.m */ = {isa = PBXFileReference; fileEncoding = 4; lastKnownFileType = sourcecode.c.objc; path = SBJsonBase.m; sourceTree = "<group>"; };
		934F60AB1472053800AEF9D0 /* SBJsonParser.h */ = {isa = PBXFileReference; fileEncoding = 4; lastKnownFileType = sourcecode.c.h; path = SBJsonParser.h; sourceTree = "<group>"; };
		934F60AC1472053800AEF9D0 /* SBJsonParser.m */ = {isa = PBXFileReference; fileEncoding = 4; lastKnownFileType = sourcecode.c.objc; path = SBJsonParser.m; sourceTree = "<group>"; };
		934F60AD1472053800AEF9D0 /* SBJsonWriter.h */ = {isa = PBXFileReference; fileEncoding = 4; lastKnownFileType = sourcecode.c.h; path = SBJsonWriter.h; sourceTree = "<group>"; };
		934F60AE1472053800AEF9D0 /* SBJsonWriter.m */ = {isa = PBXFileReference; fileEncoding = 4; lastKnownFileType = sourcecode.c.objc; path = SBJsonWriter.m; sourceTree = "<group>"; };
		934F60B5147266C700AEF9D0 /* douban.png */ = {isa = PBXFileReference; lastKnownFileType = image.png; path = douban.png; sourceTree = "<group>"; };
		934F60B6147266C700AEF9D0 /* kaixin.png */ = {isa = PBXFileReference; lastKnownFileType = image.png; path = kaixin.png; sourceTree = "<group>"; };
		934F60B7147266C700AEF9D0 /* renren.png */ = {isa = PBXFileReference; lastKnownFileType = image.png; path = renren.png; sourceTree = "<group>"; };
		934F60B8147266C700AEF9D0 /* sina.png */ = {isa = PBXFileReference; lastKnownFileType = image.png; path = sina.png; sourceTree = "<group>"; };
		934F60B9147266C700AEF9D0 /* tengxu.png */ = {isa = PBXFileReference; lastKnownFileType = image.png; path = tengxu.png; sourceTree = "<group>"; };
		9351DE16147A2B850053C590 /* background.jpg */ = {isa = PBXFileReference; lastKnownFileType = image.jpeg; path = background.jpg; sourceTree = "<group>"; };
		9351DE18147A2BEE0053C590 /* browserbg.jpg */ = {isa = PBXFileReference; lastKnownFileType = image.jpeg; path = browserbg.jpg; sourceTree = "<group>"; };
		937F48141467C03700EC1D30 /* temp.jpg */ = {isa = PBXFileReference; lastKnownFileType = image.jpeg; path = temp.jpg; sourceTree = "<group>"; };
		9381724D14760E7B005D8226 /* PHImageGallery.h */ = {isa = PBXFileReference; fileEncoding = 4; lastKnownFileType = sourcecode.c.h; path = PHImageGallery.h; sourceTree = "<group>"; };
		9381724E14760E7B005D8226 /* PHImageGallery.m */ = {isa = PBXFileReference; fileEncoding = 4; lastKnownFileType = sourcecode.c.objc; path = PHImageGallery.m; sourceTree = "<group>"; };
		9381725314760EE7005D8226 /* en */ = {isa = PBXFileReference; lastKnownFileType = file.xib; name = en; path = en.lproj/PHImageGallery.xib; sourceTree = "<group>"; };
		9381725514760EF0005D8226 /* zh-Hans */ = {isa = PBXFileReference; lastKnownFileType = file.xib; name = "zh-Hans"; path = "zh-Hans.lproj/PHImageGallery.xib"; sourceTree = "<group>"; };
		93840DDD1468C621005F236C /* Sparkle.framework */ = {isa = PBXFileReference; lastKnownFileType = wrapper.framework; path = Sparkle.framework; sourceTree = "<group>"; };
		93840DE41468D64C005F236C /* dsa_pub.pem */ = {isa = PBXFileReference; fileEncoding = 4; lastKnownFileType = text; path = dsa_pub.pem; sourceTree = "<group>"; };
		93840E1014692C05005F236C /* Growl.framework */ = {isa = PBXFileReference; lastKnownFileType = wrapper.framework; path = Growl.framework; sourceTree = "<group>"; };
		938DEF36145F8BF200F40DAE /* PHDocmentImage.h */ = {isa = PBXFileReference; fileEncoding = 4; lastKnownFileType = sourcecode.c.h; path = PHDocmentImage.h; sourceTree = "<group>"; };
		938DEF37145F8BF200F40DAE /* PHDocmentImage.m */ = {isa = PBXFileReference; fileEncoding = 4; lastKnownFileType = sourcecode.c.objc; path = PHDocmentImage.m; sourceTree = "<group>"; };
		938DEF39145F94A200F40DAE /* RegexKitLite.h */ = {isa = PBXFileReference; fileEncoding = 4; lastKnownFileType = sourcecode.c.h; path = RegexKitLite.h; sourceTree = "<group>"; };
		938DEF3A145F94A300F40DAE /* RegexKitLite.m */ = {isa = PBXFileReference; fileEncoding = 4; lastKnownFileType = sourcecode.c.objc; path = RegexKitLite.m; sourceTree = "<group>"; };
		938DEF3C145F95E700F40DAE /* libicucore.dylib */ = {isa = PBXFileReference; lastKnownFileType = "compiled.mach-o.dylib"; name = libicucore.dylib; path = usr/lib/libicucore.dylib; sourceTree = SDKROOT; };
		939ACF431484C3AF001EE873 /* MBCoverFlowScroller.h */ = {isa = PBXFileReference; fileEncoding = 4; lastKnownFileType = sourcecode.c.h; path = MBCoverFlowScroller.h; sourceTree = "<group>"; };
		939ACF441484C3AF001EE873 /* MBCoverFlowScroller.m */ = {isa = PBXFileReference; fileEncoding = 4; lastKnownFileType = sourcecode.c.objc; path = MBCoverFlowScroller.m; sourceTree = "<group>"; };
		939ACF451484C3AF001EE873 /* MBCoverFlowView.h */ = {isa = PBXFileReference; fileEncoding = 4; lastKnownFileType = sourcecode.c.h; path = MBCoverFlowView.h; sourceTree = "<group>"; };
		939ACF461484C3AF001EE873 /* MBCoverFlowView.m */ = {isa = PBXFileReference; fileEncoding = 4; lastKnownFileType = sourcecode.c.objc; path = MBCoverFlowView.m; sourceTree = "<group>"; };
		939ACF491484C3AF001EE873 /* NSImage+MBCoverFlowAdditions.h */ = {isa = PBXFileReference; fileEncoding = 4; lastKnownFileType = sourcecode.c.h; path = "NSImage+MBCoverFlowAdditions.h"; sourceTree = "<group>"; };
		939ACF4A1484C3AF001EE873 /* NSImage+MBCoverFlowAdditions.m */ = {isa = PBXFileReference; fileEncoding = 4; lastKnownFileType = sourcecode.c.objc; path = "NSImage+MBCoverFlowAdditions.m"; sourceTree = "<group>"; };
		939DDA84145E50C7001DCE48 /* PHConfig.h */ = {isa = PBXFileReference; fileEncoding = 4; lastKnownFileType = sourcecode.c.h; path = PHConfig.h; sourceTree = "<group>"; };
		939DDA85145E50C7001DCE48 /* PHConfig.m */ = {isa = PBXFileReference; fileEncoding = 4; lastKnownFileType = sourcecode.c.objc; path = PHConfig.m; sourceTree = "<group>"; };
		939DDA87145E6AD6001DCE48 /* PHTool.h */ = {isa = PBXFileReference; fileEncoding = 4; lastKnownFileType = sourcecode.c.h; path = PHTool.h; sourceTree = "<group>"; };
		939DDA88145E6AD6001DCE48 /* PHTool.m */ = {isa = PBXFileReference; fileEncoding = 4; lastKnownFileType = sourcecode.c.objc; path = PHTool.m; sourceTree = "<group>"; };
		93A2B4B11486588B00206C27 /* menubgsmall_en.png */ = {isa = PBXFileReference; lastKnownFileType = image.png; path = menubgsmall_en.png; sourceTree = "<group>"; };
		93A2B4B3148658B500206C27 /* menubgsmall_zh.png */ = {isa = PBXFileReference; lastKnownFileType = image.png; path = menubgsmall_zh.png; sourceTree = "<group>"; };
		93ACC669147B457B00AD03E8 /* ImageBrowserBackgroundLayer.h */ = {isa = PBXFileReference; fileEncoding = 4; lastKnownFileType = sourcecode.c.h; path = ImageBrowserBackgroundLayer.h; sourceTree = "<group>"; };
		93ACC66A147B457B00AD03E8 /* ImageBrowserBackgroundLayer.m */ = {isa = PBXFileReference; fileEncoding = 4; lastKnownFileType = sourcecode.c.objc; path = ImageBrowserBackgroundLayer.m; sourceTree = "<group>"; };
		93ACC66B147B457B00AD03E8 /* ImageBrowserCell.h */ = {isa = PBXFileReference; fileEncoding = 4; lastKnownFileType = sourcecode.c.h; path = ImageBrowserCell.h; sourceTree = "<group>"; };
		93ACC66C147B457B00AD03E8 /* ImageBrowserCell.m */ = {isa = PBXFileReference; fileEncoding = 4; lastKnownFileType = sourcecode.c.objc; path = ImageBrowserCell.m; sourceTree = "<group>"; };
		93ACC66D147B457B00AD03E8 /* ImageBrowserView.h */ = {isa = PBXFileReference; fileEncoding = 4; lastKnownFileType = sourcecode.c.h; path = ImageBrowserView.h; sourceTree = "<group>"; };
		93ACC66E147B457B00AD03E8 /* ImageBrowserView.m */ = {isa = PBXFileReference; fileEncoding = 4; lastKnownFileType = sourcecode.c.objc; path = ImageBrowserView.m; sourceTree = "<group>"; };
		93ACC672147B45FA00AD03E8 /* Utilities.h */ = {isa = PBXFileReference; fileEncoding = 4; lastKnownFileType = sourcecode.c.h; path = Utilities.h; sourceTree = "<group>"; };
		93ACC673147B45FA00AD03E8 /* Utilities.m */ = {isa = PBXFileReference; fileEncoding = 4; lastKnownFileType = sourcecode.c.objc; path = Utilities.m; sourceTree = "<group>"; };
		93ACC675147B462400AD03E8 /* glossy.png */ = {isa = PBXFileReference; lastKnownFileType = image.png; path = glossy.png; sourceTree = "<group>"; };
		93ACC676147B462400AD03E8 /* metal_background.tif */ = {isa = PBXFileReference; lastKnownFileType = image.tiff; path = metal_background.tif; sourceTree = "<group>"; };
		93ACC677147B462400AD03E8 /* pin.tiff */ = {isa = PBXFileReference; lastKnownFileType = image.tiff; path = pin.tiff; sourceTree = "<group>"; };
		93B053AA14610A1F0033AC26 /* zhifangzi-ico.icns */ = {isa = PBXFileReference; lastKnownFileType = image.icns; path = "zhifangzi-ico.icns"; sourceTree = "<group>"; };
		93BD552B146BC24F0094A429 /* zh-Hans */ = {isa = PBXFileReference; lastKnownFileType = file.xib; name = "zh-Hans"; path = "zh-Hans.lproj/MainMenu.xib"; sourceTree = "<group>"; };
		93BD552D146BC3810094A429 /* en */ = {isa = PBXFileReference; lastKnownFileType = file.xib; name = en; path = en.lproj/PowerMenuItemView.xib; sourceTree = "<group>"; };
		93BD552F146BC3930094A429 /* zh-Hans */ = {isa = PBXFileReference; lastKnownFileType = file.xib; name = "zh-Hans"; path = "zh-Hans.lproj/PowerMenuItemView.xib"; sourceTree = "<group>"; };
		93BD553D146BCDA20094A429 /* en */ = {isa = PBXFileReference; lastKnownFileType = text.plist.strings; name = en; path = en.lproj/Localizable.strings; sourceTree = "<group>"; };
		93BD553F146BCDA90094A429 /* zh-Hans */ = {isa = PBXFileReference; lastKnownFileType = text.plist.strings; name = "zh-Hans"; path = "zh-Hans.lproj/Localizable.strings"; sourceTree = "<group>"; };
		93D661D11457948600FDA4A8 /* home.png */ = {isa = PBXFileReference; lastKnownFileType = image.png; path = home.png; sourceTree = "<group>"; };
		93D8F19D1473557E0082E17B /* toolbarbg.png */ = {isa = PBXFileReference; lastKnownFileType = image.png; path = toolbarbg.png; sourceTree = "<group>"; };
		93D8F19F147359E90082E17B /* PHImageView.h */ = {isa = PBXFileReference; fileEncoding = 4; lastKnownFileType = sourcecode.c.h; path = PHImageView.h; sourceTree = "<group>"; };
		93D8F1A0147359E90082E17B /* PHImageView.m */ = {isa = PBXFileReference; fileEncoding = 4; lastKnownFileType = sourcecode.c.objc; path = PHImageView.m; sourceTree = "<group>"; };
		93E81EBD1474D7510002D87E /* net163.png */ = {isa = PBXFileReference; lastKnownFileType = image.png; path = net163.png; sourceTree = "<group>"; };
		93F709CB1479E57B002E8A26 /* Quartz.framework */ = {isa = PBXFileReference; lastKnownFileType = wrapper.framework; name = Quartz.framework; path = System/Library/Frameworks/Quartz.framework; sourceTree = SDKROOT; };
		93F709D2147A136E002E8A26 /* PHImageBrowserViewItem.h */ = {isa = PBXFileReference; fileEncoding = 4; lastKnownFileType = sourcecode.c.h; path = PHImageBrowserViewItem.h; sourceTree = "<group>"; };
		93F709D3147A136E002E8A26 /* PHImageBrowserViewItem.m */ = {isa = PBXFileReference; fileEncoding = 4; lastKnownFileType = sourcecode.c.objc; path = PHImageBrowserViewItem.m; sourceTree = "<group>"; };
		E902E90418B4562C003C5E6C /* ASICacheDelegate.h */ = {isa = PBXFileReference; fileEncoding = 4; lastKnownFileType = sourcecode.c.h; path = ASICacheDelegate.h; sourceTree = "<group>"; };
		E902E90518B4562C003C5E6C /* ASIDataCompressor.h */ = {isa = PBXFileReference; fileEncoding = 4; lastKnownFileType = sourcecode.c.h; path = ASIDataCompressor.h; sourceTree = "<group>"; };
		E902E90618B4562C003C5E6C /* ASIDataCompressor.m */ = {isa = PBXFileReference; fileEncoding = 4; lastKnownFileType = sourcecode.c.objc; path = ASIDataCompressor.m; sourceTree = "<group>"; };
		E902E90718B4562C003C5E6C /* ASIDataDecompressor.h */ = {isa = PBXFileReference; fileEncoding = 4; lastKnownFileType = sourcecode.c.h; path = ASIDataDecompressor.h; sourceTree = "<group>"; };
		E902E90818B4562C003C5E6C /* ASIDataDecompressor.m */ = {isa = PBXFileReference; fileEncoding = 4; lastKnownFileType = sourcecode.c.objc; path = ASIDataDecompressor.m; sourceTree = "<group>"; };
		E902E90918B4562C003C5E6C /* ASIDownloadCache.h */ = {isa = PBXFileReference; fileEncoding = 4; lastKnownFileType = sourcecode.c.h; path = ASIDownloadCache.h; sourceTree = "<group>"; };
		E902E90A18B4562C003C5E6C /* ASIDownloadCache.m */ = {isa = PBXFileReference; fileEncoding = 4; lastKnownFileType = sourcecode.c.objc; path = ASIDownloadCache.m; sourceTree = "<group>"; };
		E902E90B18B4562C003C5E6C /* ASIFormDataRequest.h */ = {isa = PBXFileReference; fileEncoding = 4; lastKnownFileType = sourcecode.c.h; path = ASIFormDataRequest.h; sourceTree = "<group>"; };
		E902E90C18B4562C003C5E6C /* ASIFormDataRequest.m */ = {isa = PBXFileReference; fileEncoding = 4; lastKnownFileType = sourcecode.c.objc; path = ASIFormDataRequest.m; sourceTree = "<group>"; };
		E902E90D18B4562C003C5E6C /* ASIHTTPRequest.h */ = {isa = PBXFileReference; fileEncoding = 4; lastKnownFileType = sourcecode.c.h; path = ASIHTTPRequest.h; sourceTree = "<group>"; };
		E902E90E18B4562C003C5E6C /* ASIHTTPRequest.m */ = {isa = PBXFileReference; fileEncoding = 4; lastKnownFileType = sourcecode.c.objc; path = ASIHTTPRequest.m; sourceTree = "<group>"; };
		E902E90F18B4562C003C5E6C /* ASIHTTPRequestConfig.h */ = {isa = PBXFileReference; fileEncoding = 4; lastKnownFileType = sourcecode.c.h; path = ASIHTTPRequestConfig.h; sourceTree = "<group>"; };
		E902E91018B4562C003C5E6C /* ASIHTTPRequestDelegate.h */ = {isa = PBXFileReference; fileEncoding = 4; lastKnownFileType = sourcecode.c.h; path = ASIHTTPRequestDelegate.h; sourceTree = "<group>"; };
		E902E91118B4562C003C5E6C /* ASIInputStream.h */ = {isa = PBXFileReference; fileEncoding = 4; lastKnownFileType = sourcecode.c.h; path = ASIInputStream.h; sourceTree = "<group>"; };
		E902E91218B4562C003C5E6C /* ASIInputStream.m */ = {isa = PBXFileReference; fileEncoding = 4; lastKnownFileType = sourcecode.c.objc; path = ASIInputStream.m; sourceTree = "<group>"; };
		E902E91318B4562C003C5E6C /* ASINetworkQueue.h */ = {isa = PBXFileReference; fileEncoding = 4; lastKnownFileType = sourcecode.c.h; path = ASINetworkQueue.h; sourceTree = "<group>"; };
		E902E91418B4562C003C5E6C /* ASINetworkQueue.m */ = {isa = PBXFileReference; fileEncoding = 4; lastKnownFileType = sourcecode.c.objc; path = ASINetworkQueue.m; sourceTree = "<group>"; };
		E902E91518B4562C003C5E6C /* ASIProgressDelegate.h */ = {isa = PBXFileReference; fileEncoding = 4; lastKnownFileType = sourcecode.c.h; path = ASIProgressDelegate.h; sourceTree = "<group>"; };
		E902E91718B4562C003C5E6C /* ASIWebPageRequest.h */ = {isa = PBXFileReference; fileEncoding = 4; lastKnownFileType = sourcecode.c.h; path = ASIWebPageRequest.h; sourceTree = "<group>"; };
		E902E91818B4562C003C5E6C /* ASIWebPageRequest.m */ = {isa = PBXFileReference; fileEncoding = 4; lastKnownFileType = sourcecode.c.objc; path = ASIWebPageRequest.m; sourceTree = "<group>"; };
		E902E91A18B4562C003C5E6C /* ASICloudFilesCDNRequest.h */ = {isa = PBXFileReference; fileEncoding = 4; lastKnownFileType = sourcecode.c.h; path = ASICloudFilesCDNRequest.h; sourceTree = "<group>"; };
		E902E91B18B4562C003C5E6C /* ASICloudFilesCDNRequest.m */ = {isa = PBXFileReference; fileEncoding = 4; lastKnownFileType = sourcecode.c.objc; path = ASICloudFilesCDNRequest.m; sourceTree = "<group>"; };
		E902E91C18B4562C003C5E6C /* ASICloudFilesContainer.h */ = {isa = PBXFileReference; fileEncoding = 4; lastKnownFileType = sourcecode.c.h; path = ASICloudFilesContainer.h; sourceTree = "<group>"; };
		E902E91D18B4562C003C5E6C /* ASICloudFilesContainer.m */ = {isa = PBXFileReference; fileEncoding = 4; lastKnownFileType = sourcecode.c.objc; path = ASICloudFilesContainer.m; sourceTree = "<group>"; };
		E902E91E18B4562C003C5E6C /* ASICloudFilesContainerRequest.h */ = {isa = PBXFileReference; fileEncoding = 4; lastKnownFileType = sourcecode.c.h; path = ASICloudFilesContainerRequest.h; sourceTree = "<group>"; };
		E902E91F18B4562C003C5E6C /* ASICloudFilesContainerRequest.m */ = {isa = PBXFileReference; fileEncoding = 4; lastKnownFileType = sourcecode.c.objc; path = ASICloudFilesContainerRequest.m; sourceTree = "<group>"; };
		E902E92018B4562C003C5E6C /* ASICloudFilesContainerXMLParserDelegate.h */ = {isa = PBXFileReference; fileEncoding = 4; lastKnownFileType = sourcecode.c.h; path = ASICloudFilesContainerXMLParserDelegate.h; sourceTree = "<group>"; };
		E902E92118B4562C003C5E6C /* ASICloudFilesContainerXMLParserDelegate.m */ = {isa = PBXFileReference; fileEncoding = 4; lastKnownFileType = sourcecode.c.objc; path = ASICloudFilesContainerXMLParserDelegate.m; sourceTree = "<group>"; };
		E902E92218B4562C003C5E6C /* ASICloudFilesObject.h */ = {isa = PBXFileReference; fileEncoding = 4; lastKnownFileType = sourcecode.c.h; path = ASICloudFilesObject.h; sourceTree = "<group>"; };
		E902E92318B4562C003C5E6C /* ASICloudFilesObject.m */ = {isa = PBXFileReference; fileEncoding = 4; lastKnownFileType = sourcecode.c.objc; path = ASICloudFilesObject.m; sourceTree = "<group>"; };
		E902E92418B4562C003C5E6C /* ASICloudFilesObjectRequest.h */ = {isa = PBXFileReference; fileEncoding = 4; lastKnownFileType = sourcecode.c.h; path = ASICloudFilesObjectRequest.h; sourceTree = "<group>"; };
		E902E92518B4562C003C5E6C /* ASICloudFilesObjectRequest.m */ = {isa = PBXFileReference; fileEncoding = 4; lastKnownFileType = sourcecode.c.objc; path = ASICloudFilesObjectRequest.m; sourceTree = "<group>"; };
		E902E92618B4562C003C5E6C /* ASICloudFilesRequest.h */ = {isa = PBXFileReference; fileEncoding = 4; lastKnownFileType = sourcecode.c.h; path = ASICloudFilesRequest.h; sourceTree = "<group>"; };
		E902E92718B4562C003C5E6C /* ASICloudFilesRequest.m */ = {isa = PBXFileReference; fileEncoding = 4; lastKnownFileType = sourcecode.c.objc; path = ASICloudFilesRequest.m; sourceTree = "<group>"; };
		E902E92C18B4562C003C5E6C /* ASINSXMLParserCompat.h */ = {isa = PBXFileReference; fileEncoding = 4; lastKnownFileType = sourcecode.c.h; path = ASINSXMLParserCompat.h; sourceTree = "<group>"; };
		E902E92D18B4562C003C5E6C /* ASIS3Bucket.h */ = {isa = PBXFileReference; fileEncoding = 4; lastKnownFileType = sourcecode.c.h; path = ASIS3Bucket.h; sourceTree = "<group>"; };
		E902E92E18B4562C003C5E6C /* ASIS3Bucket.m */ = {isa = PBXFileReference; fileEncoding = 4; lastKnownFileType = sourcecode.c.objc; path = ASIS3Bucket.m; sourceTree = "<group>"; };
		E902E92F18B4562C003C5E6C /* ASIS3BucketObject.h */ = {isa = PBXFileReference; fileEncoding = 4; lastKnownFileType = sourcecode.c.h; path = ASIS3BucketObject.h; sourceTree = "<group>"; };
		E902E93018B4562C003C5E6C /* ASIS3BucketObject.m */ = {isa = PBXFileReference; fileEncoding = 4; lastKnownFileType = sourcecode.c.objc; path = ASIS3BucketObject.m; sourceTree = "<group>"; };
		E902E93118B4562C003C5E6C /* ASIS3BucketRequest.h */ = {isa = PBXFileReference; fileEncoding = 4; lastKnownFileType = sourcecode.c.h; path = ASIS3BucketRequest.h; sourceTree = "<group>"; };
		E902E93218B4562C003C5E6C /* ASIS3BucketRequest.m */ = {isa = PBXFileReference; fileEncoding = 4; lastKnownFileType = sourcecode.c.objc; path = ASIS3BucketRequest.m; sourceTree = "<group>"; };
		E902E93318B4562C003C5E6C /* ASIS3ObjectRequest.h */ = {isa = PBXFileReference; fileEncoding = 4; lastKnownFileType = sourcecode.c.h; path = ASIS3ObjectRequest.h; sourceTree = "<group>"; };
		E902E93418B4562C003C5E6C /* ASIS3ObjectRequest.m */ = {isa = PBXFileReference; fileEncoding = 4; lastKnownFileType = sourcecode.c.objc; path = ASIS3ObjectRequest.m; sourceTree = "<group>"; };
		E902E93518B4562C003C5E6C /* ASIS3Request.h */ = {isa = PBXFileReference; fileEncoding = 4; lastKnownFileType = sourcecode.c.h; path = ASIS3Request.h; sourceTree = "<group>"; };
		E902E93618B4562C003C5E6C /* ASIS3Request.m */ = {isa = PBXFileReference; fileEncoding = 4; lastKnownFileType = sourcecode.c.objc; path = ASIS3Request.m; sourceTree = "<group>"; };
		E902E93718B4562C003C5E6C /* ASIS3ServiceRequest.h */ = {isa = PBXFileReference; fileEncoding = 4; lastKnownFileType = sourcecode.c.h; path = ASIS3ServiceRequest.h; sourceTree = "<group>"; };
		E902E93818B4562C003C5E6C /* ASIS3ServiceRequest.m */ = {isa = PBXFileReference; fileEncoding = 4; lastKnownFileType = sourcecode.c.objc; path = ASIS3ServiceRequest.m; sourceTree = "<group>"; };
		E902E95018B46865003C5E6C /* libxml2.dylib */ = {isa = PBXFileReference; lastKnownFileType = "compiled.mach-o.dylib"; name = libxml2.dylib; path = usr/lib/libxml2.dylib; sourceTree = SDKROOT; };
		E902E95318B473C2003C5E6C /* SystemConfiguration.framework */ = {isa = PBXFileReference; lastKnownFileType = wrapper.framework; name = SystemConfiguration.framework; path = System/Library/Frameworks/SystemConfiguration.framework; sourceTree = SDKROOT; };
		E902E95518B473CD003C5E6C /* CFNetwork.framework */ = {isa = PBXFileReference; lastKnownFileType = wrapper.framework; name = CFNetwork.framework; path = System/Library/Frameworks/CFNetwork.framework; sourceTree = SDKROOT; };
		E902E95718B473E3003C5E6C /* CoreServices.framework */ = {isa = PBXFileReference; lastKnownFileType = wrapper.framework; name = CoreServices.framework; path = System/Library/Frameworks/CoreServices.framework; sourceTree = SDKROOT; };
		E902E95918B473EF003C5E6C /* CoreGraphics.framework */ = {isa = PBXFileReference; lastKnownFileType = wrapper.framework; name = CoreGraphics.framework; path = System/Library/Frameworks/CoreGraphics.framework; sourceTree = SDKROOT; };
		E902E95B18B473FB003C5E6C /* libz.dylib */ = {isa = PBXFileReference; lastKnownFileType = "compiled.mach-o.dylib"; name = libz.dylib; path = usr/lib/libz.dylib; sourceTree = SDKROOT; };
		E902E95E18B474D5003C5E6C /* WebKit.framework */ = {isa = PBXFileReference; lastKnownFileType = wrapper.framework; name = WebKit.framework; path = System/Library/Frameworks/WebKit.framework; sourceTree = SDKROOT; };
		E902E96018B474F2003C5E6C /* Security.framework */ = {isa = PBXFileReference; lastKnownFileType = wrapper.framework; name = Security.framework; path = System/Library/Frameworks/Security.framework; sourceTree = SDKROOT; };
		E902E96218B47899003C5E6C /* libtidy.dylib */ = {isa = PBXFileReference; lastKnownFileType = "compiled.mach-o.dylib"; name = libtidy.dylib; path = usr/lib/libtidy.dylib; sourceTree = SDKROOT; };
		E97864A918B5F864006FB1BE /* arrows-left.png */ = {isa = PBXFileReference; lastKnownFileType = image.png; path = "arrows-left.png"; sourceTree = "<group>"; };
		E97864AA18B5F864006FB1BE /* arrows-right.png */ = {isa = PBXFileReference; lastKnownFileType = image.png; path = "arrows-right.png"; sourceTree = "<group>"; };
		E97864AD18B5FDE9006FB1BE /* highlight.png */ = {isa = PBXFileReference; lastKnownFileType = image.png; path = highlight.png; sourceTree = "<group>"; };
/* End PBXFileReference section */

/* Begin PBXFrameworksBuildPhase section */
		93495F071457930100C406FA /* Frameworks */ = {
			isa = PBXFrameworksBuildPhase;
			buildActionMask = 2147483647;
			files = (
				E902E96318B47899003C5E6C /* libtidy.dylib in Frameworks */,
				E902E96118B474F2003C5E6C /* Security.framework in Frameworks */,
				E902E95F18B474D5003C5E6C /* WebKit.framework in Frameworks */,
				E902E95D18B474CB003C5E6C /* libxml2.dylib in Frameworks */,
				E902E95C18B473FB003C5E6C /* libz.dylib in Frameworks */,
				E902E95418B473C2003C5E6C /* SystemConfiguration.framework in Frameworks */,
				93F709CC1479E57B002E8A26 /* Quartz.framework in Frameworks */,
				938DEF3D145F95E800F40DAE /* libicucore.dylib in Frameworks */,
				93495F0F1457930100C406FA /* Cocoa.framework in Frameworks */,
				93840E1214692C5A005F236C /* Growl.framework in Frameworks */,
				93840DDE1468C621005F236C /* Sparkle.framework in Frameworks */,
			);
			runOnlyForDeploymentPostprocessing = 0;
		};
/* End PBXFrameworksBuildPhase section */

/* Begin PBXGroup section */
		930ACE4A145A9288006F6814 /* images */ = {
			isa = PBXGroup;
			children = (
				E97864AD18B5FDE9006FB1BE /* highlight.png */,
				E97864A918B5F864006FB1BE /* arrows-left.png */,
				E97864AA18B5F864006FB1BE /* arrows-right.png */,
				93A2B4B3148658B500206C27 /* menubgsmall_zh.png */,
				93A2B4B11486588B00206C27 /* menubgsmall_en.png */,
				93ACC675147B462400AD03E8 /* glossy.png */,
				93ACC676147B462400AD03E8 /* metal_background.tif */,
				93ACC677147B462400AD03E8 /* pin.tiff */,
				9351DE18147A2BEE0053C590 /* browserbg.jpg */,
				9351DE16147A2B850053C590 /* background.jpg */,
				93E81EBD1474D7510002D87E /* net163.png */,
				93D8F19D1473557E0082E17B /* toolbarbg.png */,
				934F60B5147266C700AEF9D0 /* douban.png */,
				934F60B6147266C700AEF9D0 /* kaixin.png */,
				934F60B7147266C700AEF9D0 /* renren.png */,
				934F60B8147266C700AEF9D0 /* sina.png */,
				934F60B9147266C700AEF9D0 /* tengxu.png */,
				937F48141467C03700EC1D30 /* temp.jpg */,
				93B053AA14610A1F0033AC26 /* zhifangzi-ico.icns */,
				93D661D11457948600FDA4A8 /* home.png */,
			);
			name = images;
			sourceTree = "<group>";
		};
		930ACE4B145A929F006F6814 /* config */ = {
			isa = PBXGroup;
			children = (
				930ACE48145A9116006F6814 /* configure.plist */,
				93495F161457930100C406FA /* PaperHouseLite-Info.plist */,
			);
			name = config;
			sourceTree = "<group>";
		};
		930ACE4C145A92C3006F6814 /* describe */ = {
			isa = PBXGroup;
			children = (
				93840DE41468D64C005F236C /* dsa_pub.pem */,
				93495F1D1457930100C406FA /* Credits.rtf */,
			);
			name = describe;
			sourceTree = "<group>";
		};
		930ACE56145AAD2F006F6814 /* view */ = {
			isa = PBXGroup;
			children = (
				9381722D1475F7EB005D8226 /* CoverFlow */,
				93ACC668147B456100AD03E8 /* ImageBrowser */,
				9381725414760EE7005D8226 /* PHImageGallery.xib */,
				93BD552E146BC3810094A429 /* PowerMenuItemView.xib */,
				93495F231457930100C406FA /* MainMenu.xib */,
			);
			name = view;
			sourceTree = "<group>";
		};
		93495EFF1457930000C406FA = {
			isa = PBXGroup;
			children = (
				93495F141457930100C406FA /* PaperHouseLite */,
				93495F0D1457930100C406FA /* Frameworks */,
				93495F0B1457930100C406FA /* Products */,
			);
			sourceTree = "<group>";
		};
		93495F0B1457930100C406FA /* Products */ = {
			isa = PBXGroup;
			children = (
				93495F0A1457930100C406FA /* PaperHouseLite.app */,
			);
			name = Products;
			sourceTree = "<group>";
		};
		93495F0D1457930100C406FA /* Frameworks */ = {
			isa = PBXGroup;
			children = (
				E902E96218B47899003C5E6C /* libtidy.dylib */,
				E902E96018B474F2003C5E6C /* Security.framework */,
				E902E95E18B474D5003C5E6C /* WebKit.framework */,
				E902E95B18B473FB003C5E6C /* libz.dylib */,
				E902E95918B473EF003C5E6C /* CoreGraphics.framework */,
				E902E95718B473E3003C5E6C /* CoreServices.framework */,
				E902E95518B473CD003C5E6C /* CFNetwork.framework */,
				E902E95318B473C2003C5E6C /* SystemConfiguration.framework */,
				E902E95018B46865003C5E6C /* libxml2.dylib */,
				93F709CB1479E57B002E8A26 /* Quartz.framework */,
				93840E1014692C05005F236C /* Growl.framework */,
				93840DDD1468C621005F236C /* Sparkle.framework */,
				938DEF3C145F95E700F40DAE /* libicucore.dylib */,
				93495F0E1457930100C406FA /* Cocoa.framework */,
				93495F101457930100C406FA /* Other Frameworks */,
			);
			name = Frameworks;
			sourceTree = "<group>";
		};
		93495F101457930100C406FA /* Other Frameworks */ = {
			isa = PBXGroup;
			children = (
				93495F111457930100C406FA /* AppKit.framework */,
				93495F121457930100C406FA /* CoreData.framework */,
				93495F131457930100C406FA /* Foundation.framework */,
			);
			name = "Other Frameworks";
			sourceTree = "<group>";
		};
		93495F141457930100C406FA /* PaperHouseLite */ = {
			isa = PBXGroup;
			children = (
				930ACE56145AAD2F006F6814 /* view */,
				9365BB7C14594E61009F1EFB /* class */,
				93495F201457930100C406FA /* PaperHouseLiteAppDelegate.h */,
				93495F211457930100C406FA /* PaperHouseLiteAppDelegate.m */,
				93495F151457930100C406FA /* Supporting Files */,
			);
			path = PaperHouseLite;
			sourceTree = "<group>";
		};
		93495F151457930100C406FA /* Supporting Files */ = {
			isa = PBXGroup;
			children = (
				930ACE4C145A92C3006F6814 /* describe */,
				930ACE4B145A929F006F6814 /* config */,
				930ACE4A145A9288006F6814 /* images */,
				93495F1A1457930100C406FA /* main.m */,
				93495F1C1457930100C406FA /* PaperHouseLite-Prefix.pch */,
				93495F171457930100C406FA /* InfoPlist.strings */,
				93BD553E146BCDA20094A429 /* Localizable.strings */,
			);
			name = "Supporting Files";
			sourceTree = "<group>";
		};
		934F60A11472052200AEF9D0 /* JSON */ = {
			isa = PBXGroup;
			children = (
				934F60A21472053800AEF9D0 /* JSON.h */,
				934F60A31472053800AEF9D0 /* NSObject+SBJSON.h */,
				934F60A41472053800AEF9D0 /* NSObject+SBJSON.m */,
				934F60A51472053800AEF9D0 /* NSString+SBJSON.h */,
				934F60A61472053800AEF9D0 /* NSString+SBJSON.m */,
				934F60A71472053800AEF9D0 /* SBJSON.h */,
				934F60A81472053800AEF9D0 /* SBJSON.m */,
				934F60A91472053800AEF9D0 /* SBJsonBase.h */,
				934F60AA1472053800AEF9D0 /* SBJsonBase.m */,
				934F60AB1472053800AEF9D0 /* SBJsonParser.h */,
				934F60AC1472053800AEF9D0 /* SBJsonParser.m */,
				934F60AD1472053800AEF9D0 /* SBJsonWriter.h */,
				934F60AE1472053800AEF9D0 /* SBJsonWriter.m */,
			);
			name = JSON;
			sourceTree = "<group>";
		};
		9365BB7C14594E61009F1EFB /* class */ = {
			isa = PBXGroup;
			children = (
				E902E90118B4562C003C5E6C /* ASIHttpRequest */,
				934F60A11472052200AEF9D0 /* JSON */,
				9381724D14760E7B005D8226 /* PHImageGallery.h */,
				9381724E14760E7B005D8226 /* PHImageGallery.m */,
				93F709D2147A136E002E8A26 /* PHImageBrowserViewItem.h */,
				93F709D3147A136E002E8A26 /* PHImageBrowserViewItem.m */,
				930ACE4F145AA5CD006F6814 /* PowerMenuItemView.h */,
				930ACE50145AA5CE006F6814 /* PowerMenuItemView.m */,
				93D8F19F147359E90082E17B /* PHImageView.h */,
				93D8F1A0147359E90082E17B /* PHImageView.m */,
				3F1F83B616E8AB900004E1DC /* HttpConnectionManager.h */,
				3F1F83B716E8AB900004E1DC /* HttpConnectionManager.m */,
				938DEF36145F8BF200F40DAE /* PHDocmentImage.h */,
				938DEF37145F8BF200F40DAE /* PHDocmentImage.m */,
				939DDA84145E50C7001DCE48 /* PHConfig.h */,
				939DDA85145E50C7001DCE48 /* PHConfig.m */,
				938DEF39145F94A200F40DAE /* RegexKitLite.h */,
				938DEF3A145F94A300F40DAE /* RegexKitLite.m */,
				939DDA87145E6AD6001DCE48 /* PHTool.h */,
				939DDA88145E6AD6001DCE48 /* PHTool.m */,
			);
			name = class;
			sourceTree = "<group>";
		};
		9381722D1475F7EB005D8226 /* CoverFlow */ = {
			isa = PBXGroup;
			children = (
				939ACF431484C3AF001EE873 /* MBCoverFlowScroller.h */,
				939ACF441484C3AF001EE873 /* MBCoverFlowScroller.m */,
				939ACF451484C3AF001EE873 /* MBCoverFlowView.h */,
				939ACF461484C3AF001EE873 /* MBCoverFlowView.m */,
				939ACF491484C3AF001EE873 /* NSImage+MBCoverFlowAdditions.h */,
				939ACF4A1484C3AF001EE873 /* NSImage+MBCoverFlowAdditions.m */,
			);
			name = CoverFlow;
			sourceTree = "<group>";
		};
		93ACC668147B456100AD03E8 /* ImageBrowser */ = {
			isa = PBXGroup;
			children = (
				93ACC672147B45FA00AD03E8 /* Utilities.h */,
				93ACC673147B45FA00AD03E8 /* Utilities.m */,
				93ACC669147B457B00AD03E8 /* ImageBrowserBackgroundLayer.h */,
				93ACC66A147B457B00AD03E8 /* ImageBrowserBackgroundLayer.m */,
				93ACC66B147B457B00AD03E8 /* ImageBrowserCell.h */,
				93ACC66C147B457B00AD03E8 /* ImageBrowserCell.m */,
				93ACC66D147B457B00AD03E8 /* ImageBrowserView.h */,
				93ACC66E147B457B00AD03E8 /* ImageBrowserView.m */,
			);
			name = ImageBrowser;
			sourceTree = "<group>";
		};
		E902E90118B4562C003C5E6C /* ASIHttpRequest */ = {
			isa = PBXGroup;
			children = (
				E902E90F18B4562C003C5E6C /* ASIHTTPRequestConfig.h */,
				E902E91518B4562C003C5E6C /* ASIProgressDelegate.h */,
				E902E91018B4562C003C5E6C /* ASIHTTPRequestDelegate.h */,
				E902E91118B4562C003C5E6C /* ASIInputStream.h */,
				E902E91218B4562C003C5E6C /* ASIInputStream.m */,
				E902E90B18B4562C003C5E6C /* ASIFormDataRequest.h */,
				E902E90C18B4562C003C5E6C /* ASIFormDataRequest.m */,
				E902E90D18B4562C003C5E6C /* ASIHTTPRequest.h */,
				E902E90E18B4562C003C5E6C /* ASIHTTPRequest.m */,
				E902E91318B4562C003C5E6C /* ASINetworkQueue.h */,
				E902E91418B4562C003C5E6C /* ASINetworkQueue.m */,
				E902E90418B4562C003C5E6C /* ASICacheDelegate.h */,
				E902E90918B4562C003C5E6C /* ASIDownloadCache.h */,
				E902E90A18B4562C003C5E6C /* ASIDownloadCache.m */,
				E902E90518B4562C003C5E6C /* ASIDataCompressor.h */,
				E902E90618B4562C003C5E6C /* ASIDataCompressor.m */,
				E902E90718B4562C003C5E6C /* ASIDataDecompressor.h */,
				E902E90818B4562C003C5E6C /* ASIDataDecompressor.m */,
				E902E91618B4562C003C5E6C /* ASIWebPageRequest */,
				E902E91918B4562C003C5E6C /* CloudFiles */,
				E902E92B18B4562C003C5E6C /* S3 */,
			);
			path = ASIHttpRequest;
			sourceTree = "<group>";
		};
		E902E91618B4562C003C5E6C /* ASIWebPageRequest */ = {
			isa = PBXGroup;
			children = (
				E902E91718B4562C003C5E6C /* ASIWebPageRequest.h */,
				E902E91818B4562C003C5E6C /* ASIWebPageRequest.m */,
			);
			path = ASIWebPageRequest;
			sourceTree = "<group>";
		};
		E902E91918B4562C003C5E6C /* CloudFiles */ = {
			isa = PBXGroup;
			children = (
				E902E91A18B4562C003C5E6C /* ASICloudFilesCDNRequest.h */,
				E902E91B18B4562C003C5E6C /* ASICloudFilesCDNRequest.m */,
				E902E91C18B4562C003C5E6C /* ASICloudFilesContainer.h */,
				E902E91D18B4562C003C5E6C /* ASICloudFilesContainer.m */,
				E902E91E18B4562C003C5E6C /* ASICloudFilesContainerRequest.h */,
				E902E91F18B4562C003C5E6C /* ASICloudFilesContainerRequest.m */,
				E902E92018B4562C003C5E6C /* ASICloudFilesContainerXMLParserDelegate.h */,
				E902E92118B4562C003C5E6C /* ASICloudFilesContainerXMLParserDelegate.m */,
				E902E92218B4562C003C5E6C /* ASICloudFilesObject.h */,
				E902E92318B4562C003C5E6C /* ASICloudFilesObject.m */,
				E902E92418B4562C003C5E6C /* ASICloudFilesObjectRequest.h */,
				E902E92518B4562C003C5E6C /* ASICloudFilesObjectRequest.m */,
				E902E92618B4562C003C5E6C /* ASICloudFilesRequest.h */,
				E902E92718B4562C003C5E6C /* ASICloudFilesRequest.m */,
			);
			path = CloudFiles;
			sourceTree = "<group>";
		};
		E902E92B18B4562C003C5E6C /* S3 */ = {
			isa = PBXGroup;
			children = (
				E902E92C18B4562C003C5E6C /* ASINSXMLParserCompat.h */,
				E902E92D18B4562C003C5E6C /* ASIS3Bucket.h */,
				E902E92E18B4562C003C5E6C /* ASIS3Bucket.m */,
				E902E92F18B4562C003C5E6C /* ASIS3BucketObject.h */,
				E902E93018B4562C003C5E6C /* ASIS3BucketObject.m */,
				E902E93118B4562C003C5E6C /* ASIS3BucketRequest.h */,
				E902E93218B4562C003C5E6C /* ASIS3BucketRequest.m */,
				E902E93318B4562C003C5E6C /* ASIS3ObjectRequest.h */,
				E902E93418B4562C003C5E6C /* ASIS3ObjectRequest.m */,
				E902E93518B4562C003C5E6C /* ASIS3Request.h */,
				E902E93618B4562C003C5E6C /* ASIS3Request.m */,
				E902E93718B4562C003C5E6C /* ASIS3ServiceRequest.h */,
				E902E93818B4562C003C5E6C /* ASIS3ServiceRequest.m */,
			);
			path = S3;
			sourceTree = "<group>";
		};
/* End PBXGroup section */

/* Begin PBXNativeTarget section */
		93495F091457930100C406FA /* PaperHouseLite */ = {
			isa = PBXNativeTarget;
			buildConfigurationList = 93495F281457930100C406FA /* Build configuration list for PBXNativeTarget "PaperHouseLite" */;
			buildPhases = (
				93495F061457930100C406FA /* Sources */,
				93495F071457930100C406FA /* Frameworks */,
				93495F081457930100C406FA /* Resources */,
				93840DDF1468C67F005F236C /* Copy Files */,
			);
			buildRules = (
			);
			dependencies = (
			);
			name = PaperHouseLite;
			productName = PaperHouseLite;
			productReference = 93495F0A1457930100C406FA /* PaperHouseLite.app */;
			productType = "com.apple.product-type.application";
		};
/* End PBXNativeTarget section */

/* Begin PBXProject section */
		93495F011457930000C406FA /* Project object */ = {
			isa = PBXProject;
			attributes = {
			};
			buildConfigurationList = 93495F041457930000C406FA /* Build configuration list for PBXProject "PaperHouseLite" */;
			compatibilityVersion = "Xcode 3.2";
			developmentRegion = English;
			hasScannedForEncodings = 0;
			knownRegions = (
				en,
				"zh-Hans",
			);
			mainGroup = 93495EFF1457930000C406FA;
			productRefGroup = 93495F0B1457930100C406FA /* Products */;
			projectDirPath = "";
			projectRoot = "";
			targets = (
				93495F091457930100C406FA /* PaperHouseLite */,
			);
		};
/* End PBXProject section */

/* Begin PBXResourcesBuildPhase section */
		93495F081457930100C406FA /* Resources */ = {
			isa = PBXResourcesBuildPhase;
			buildActionMask = 2147483647;
			files = (
				E97864AB18B5F864006FB1BE /* arrows-left.png in Resources */,
				93495F191457930100C406FA /* InfoPlist.strings in Resources */,
				93495F1F1457930100C406FA /* Credits.rtf in Resources */,
				93495F251457930100C406FA /* MainMenu.xib in Resources */,
				93D661D21457948600FDA4A8 /* home.png in Resources */,
				930ACE49145A9116006F6814 /* configure.plist in Resources */,
				93BD552C146BC3810094A429 /* PowerMenuItemView.xib in Resources */,
				93B053AB14610A1F0033AC26 /* zhifangzi-ico.icns in Resources */,
				937F48151467C03700EC1D30 /* temp.jpg in Resources */,
				93840DE51468D64C005F236C /* dsa_pub.pem in Resources */,
				93BD553C146BCDA20094A429 /* Localizable.strings in Resources */,
				934F60BA147266C700AEF9D0 /* douban.png in Resources */,
				934F60BB147266C700AEF9D0 /* kaixin.png in Resources */,
				934F60BC147266C700AEF9D0 /* renren.png in Resources */,
				934F60BD147266C700AEF9D0 /* sina.png in Resources */,
				934F60BE147266C700AEF9D0 /* tengxu.png in Resources */,
				93D8F19E1473557E0082E17B /* toolbarbg.png in Resources */,
				93E81EBE1474D7510002D87E /* net163.png in Resources */,
				9381725214760EE7005D8226 /* PHImageGallery.xib in Resources */,
				E97864AC18B5F864006FB1BE /* arrows-right.png in Resources */,
				9351DE17147A2B850053C590 /* background.jpg in Resources */,
				9351DE19147A2BEF0053C590 /* browserbg.jpg in Resources */,
				93ACC678147B462400AD03E8 /* glossy.png in Resources */,
				93ACC679147B462400AD03E8 /* metal_background.tif in Resources */,
				E97864AE18B5FDE9006FB1BE /* highlight.png in Resources */,
				93ACC67A147B462400AD03E8 /* pin.tiff in Resources */,
				93A2B4B21486588B00206C27 /* menubgsmall_en.png in Resources */,
				93A2B4B4148658B500206C27 /* menubgsmall_zh.png in Resources */,
			);
			runOnlyForDeploymentPostprocessing = 0;
		};
/* End PBXResourcesBuildPhase section */

/* Begin PBXSourcesBuildPhase section */
		93495F061457930100C406FA /* Sources */ = {
			isa = PBXSourcesBuildPhase;
			buildActionMask = 2147483647;
			files = (
				93495F1B1457930100C406FA /* main.m in Sources */,
				93495F221457930100C406FA /* PaperHouseLiteAppDelegate.m in Sources */,
				930ACE52145AA5CE006F6814 /* PowerMenuItemView.m in Sources */,
				939DDA86145E50C7001DCE48 /* PHConfig.m in Sources */,
				939DDA89145E6AD6001DCE48 /* PHTool.m in Sources */,
				E902E93B18B4562C003C5E6C /* ASIDataDecompressor.m in Sources */,
				E902E93C18B4562C003C5E6C /* ASIDownloadCache.m in Sources */,
				938DEF38145F8BF200F40DAE /* PHDocmentImage.m in Sources */,
				938DEF3B145F94A300F40DAE /* RegexKitLite.m in Sources */,
				934F60AF1472053800AEF9D0 /* NSObject+SBJSON.m in Sources */,
				E902E94618B4562C003C5E6C /* ASICloudFilesObject.m in Sources */,
				E902E94D18B4562C003C5E6C /* ASIS3ObjectRequest.m in Sources */,
				E902E93F18B4562C003C5E6C /* ASIInputStream.m in Sources */,
				E902E93A18B4562C003C5E6C /* ASIDataCompressor.m in Sources */,
				934F60B01472053800AEF9D0 /* NSString+SBJSON.m in Sources */,
				E902E94418B4562C003C5E6C /* ASICloudFilesContainerRequest.m in Sources */,
				E902E94F18B4562C003C5E6C /* ASIS3ServiceRequest.m in Sources */,
				934F60B11472053800AEF9D0 /* SBJSON.m in Sources */,
				934F60B21472053800AEF9D0 /* SBJsonBase.m in Sources */,
				934F60B31472053800AEF9D0 /* SBJsonParser.m in Sources */,
				934F60B41472053800AEF9D0 /* SBJsonWriter.m in Sources */,
				E902E93D18B4562C003C5E6C /* ASIFormDataRequest.m in Sources */,
				E902E93E18B4562C003C5E6C /* ASIHTTPRequest.m in Sources */,
				93D8F1A1147359E90082E17B /* PHImageView.m in Sources */,
				9381724F14760E7B005D8226 /* PHImageGallery.m in Sources */,
				E902E94B18B4562C003C5E6C /* ASIS3BucketObject.m in Sources */,
				93F709D4147A136E002E8A26 /* PHImageBrowserViewItem.m in Sources */,
				93ACC66F147B457B00AD03E8 /* ImageBrowserBackgroundLayer.m in Sources */,
				E902E94A18B4562C003C5E6C /* ASIS3Bucket.m in Sources */,
				93ACC670147B457B00AD03E8 /* ImageBrowserCell.m in Sources */,
				E902E94E18B4562C003C5E6C /* ASIS3Request.m in Sources */,
				E902E94518B4562C003C5E6C /* ASICloudFilesContainerXMLParserDelegate.m in Sources */,
				E902E94C18B4562C003C5E6C /* ASIS3BucketRequest.m in Sources */,
				E902E94018B4562C003C5E6C /* ASINetworkQueue.m in Sources */,
				93ACC671147B457B00AD03E8 /* ImageBrowserView.m in Sources */,
				93ACC674147B45FA00AD03E8 /* Utilities.m in Sources */,
				E902E94718B4562C003C5E6C /* ASICloudFilesObjectRequest.m in Sources */,
				939ACF4B1484C3AF001EE873 /* MBCoverFlowScroller.m in Sources */,
				939ACF4C1484C3AF001EE873 /* MBCoverFlowView.m in Sources */,
				E902E94818B4562C003C5E6C /* ASICloudFilesRequest.m in Sources */,
				E902E94218B4562C003C5E6C /* ASICloudFilesCDNRequest.m in Sources */,
				E902E94318B4562C003C5E6C /* ASICloudFilesContainer.m in Sources */,
				939ACF4E1484C3AF001EE873 /* NSImage+MBCoverFlowAdditions.m in Sources */,
				E902E94118B4562C003C5E6C /* ASIWebPageRequest.m in Sources */,
				3F1F83B816E8AB900004E1DC /* HttpConnectionManager.m in Sources */,
			);
			runOnlyForDeploymentPostprocessing = 0;
		};
/* End PBXSourcesBuildPhase section */

/* Begin PBXVariantGroup section */
		93495F171457930100C406FA /* InfoPlist.strings */ = {
			isa = PBXVariantGroup;
			children = (
				93495F181457930100C406FA /* en */,
			);
			name = InfoPlist.strings;
			sourceTree = "<group>";
		};
		93495F1D1457930100C406FA /* Credits.rtf */ = {
			isa = PBXVariantGroup;
			children = (
				93495F1E1457930100C406FA /* en */,
			);
			name = Credits.rtf;
			sourceTree = "<group>";
		};
		93495F231457930100C406FA /* MainMenu.xib */ = {
			isa = PBXVariantGroup;
			children = (
				93495F241457930100C406FA /* en */,
				93BD552B146BC24F0094A429 /* zh-Hans */,
			);
			name = MainMenu.xib;
			sourceTree = "<group>";
		};
		9381725414760EE7005D8226 /* PHImageGallery.xib */ = {
			isa = PBXVariantGroup;
			children = (
				9381725314760EE7005D8226 /* en */,
				9381725514760EF0005D8226 /* zh-Hans */,
			);
			name = PHImageGallery.xib;
			sourceTree = "<group>";
		};
		93BD552E146BC3810094A429 /* PowerMenuItemView.xib */ = {
			isa = PBXVariantGroup;
			children = (
				93BD552D146BC3810094A429 /* en */,
				93BD552F146BC3930094A429 /* zh-Hans */,
			);
			name = PowerMenuItemView.xib;
			sourceTree = "<group>";
		};
		93BD553E146BCDA20094A429 /* Localizable.strings */ = {
			isa = PBXVariantGroup;
			children = (
				93BD553D146BCDA20094A429 /* en */,
				93BD553F146BCDA90094A429 /* zh-Hans */,
			);
			name = Localizable.strings;
			sourceTree = "<group>";
		};
/* End PBXVariantGroup section */

/* Begin XCBuildConfiguration section */
		93495F261457930100C406FA /* Debug */ = {
			isa = XCBuildConfiguration;
			buildSettings = {
				ALWAYS_SEARCH_USER_PATHS = NO;
				ARCHS = "$(ARCHS_STANDARD_64_BIT)";
				COPY_PHASE_STRIP = NO;
				GCC_C_LANGUAGE_STANDARD = gnu99;
				GCC_DYNAMIC_NO_PIC = NO;
				GCC_ENABLE_OBJC_EXCEPTIONS = YES;
				GCC_OPTIMIZATION_LEVEL = 0;
				GCC_PREPROCESSOR_DEFINITIONS = (
					"DEBUG=1",
					"$(inherited)",
				);
				GCC_SYMBOLS_PRIVATE_EXTERN = NO;
				GCC_VERSION = com.apple.compilers.llvm.clang.1_0;
				GCC_WARN_64_TO_32_BIT_CONVERSION = YES;
				GCC_WARN_ABOUT_MISSING_PROTOTYPES = YES;
				GCC_WARN_ABOUT_RETURN_TYPE = YES;
				GCC_WARN_UNUSED_VARIABLE = YES;
				MACOSX_DEPLOYMENT_TARGET = 10.7;
				ONLY_ACTIVE_ARCH = YES;
				SDKROOT = macosx;
			};
			name = Debug;
		};
		93495F271457930100C406FA /* Release */ = {
			isa = XCBuildConfiguration;
			buildSettings = {
				ALWAYS_SEARCH_USER_PATHS = NO;
				ARCHS = "$(ARCHS_STANDARD_64_BIT)";
				COPY_PHASE_STRIP = YES;
				DEBUG_INFORMATION_FORMAT = "dwarf-with-dsym";
				GCC_C_LANGUAGE_STANDARD = gnu99;
				GCC_ENABLE_OBJC_EXCEPTIONS = YES;
				GCC_VERSION = com.apple.compilers.llvm.clang.1_0;
				GCC_WARN_64_TO_32_BIT_CONVERSION = YES;
				GCC_WARN_ABOUT_MISSING_PROTOTYPES = YES;
				GCC_WARN_ABOUT_RETURN_TYPE = YES;
				GCC_WARN_UNUSED_VARIABLE = YES;
				MACOSX_DEPLOYMENT_TARGET = 10.7;
				SDKROOT = macosx;
			};
			name = Release;
		};
		93495F291457930100C406FA /* Debug */ = {
			isa = XCBuildConfiguration;
			buildSettings = {
				FRAMEWORK_SEARCH_PATHS = (
					"$(inherited)",
					"\"$(SRCROOT)\"",
					"\"$(SRCROOT)/../../../Downloads/Growl-1.3-SDK 2/Framework\"",
				);
				GCC_PRECOMPILE_PREFIX_HEADER = YES;
				GCC_PREFIX_HEADER = "PaperHouseLite/PaperHouseLite-Prefix.pch";
				HEADER_SEARCH_PATHS = (
					"$(inherited)",
					/Applications/Xcode.app/Contents/Developer/Toolchains/XcodeDefault.xctoolchain/usr/include,
					"${SDK_DIR}/usr/include/libxml2",
				);
				INFOPLIST_FILE = "PaperHouseLite/PaperHouseLite-Info.plist";
				PRODUCT_NAME = "$(TARGET_NAME)";
				WRAPPER_EXTENSION = app;
			};
			name = Debug;
		};
		93495F2A1457930100C406FA /* Release */ = {
			isa = XCBuildConfiguration;
			buildSettings = {
				FRAMEWORK_SEARCH_PATHS = (
					"$(inherited)",
					"\"$(SRCROOT)\"",
					"\"$(SRCROOT)/../../../Downloads/Growl-1.3-SDK 2/Framework\"",
				);
				GCC_PRECOMPILE_PREFIX_HEADER = YES;
				GCC_PREFIX_HEADER = "PaperHouseLite/PaperHouseLite-Prefix.pch";
				HEADER_SEARCH_PATHS = (
					"$(inherited)",
					/Applications/Xcode.app/Contents/Developer/Toolchains/XcodeDefault.xctoolchain/usr/include,
					"${SDK_DIR}/usr/include/libxml2",
				);
				INFOPLIST_FILE = "PaperHouseLite/PaperHouseLite-Info.plist";
				PRODUCT_NAME = "$(TARGET_NAME)";
				WRAPPER_EXTENSION = app;
			};
			name = Release;
		};
/* End XCBuildConfiguration section */

/* Begin XCConfigurationList section */
		93495F041457930000C406FA /* Build configuration list for PBXProject "PaperHouseLite" */ = {
			isa = XCConfigurationList;
			buildConfigurations = (
				93495F261457930100C406FA /* Debug */,
				93495F271457930100C406FA /* Release */,
			);
			defaultConfigurationIsVisible = 0;
			defaultConfigurationName = Release;
		};
		93495F281457930100C406FA /* Build configuration list for PBXNativeTarget "PaperHouseLite" */ = {
			isa = XCConfigurationList;
			buildConfigurations = (
				93495F291457930100C406FA /* Debug */,
				93495F2A1457930100C406FA /* Release */,
			);
			defaultConfigurationIsVisible = 0;
			defaultConfigurationName = Release;
		};
/* End XCConfigurationList section */
	};
	rootObject = 93495F011457930000C406FA /* Project object */;
}
